dependencies:
  espressif/esp_lcd_touch:
    component_hash: 779b4ba2464a3ae85681e4b860caa5fdc35801458c23f3039ee761bae7f442a4
    dependencies:
    - name: idf
      require: private
      version: '>=4.4.2'
    source:
      registry_url: https://components.espressif.com/
      type: service
    version: 1.1.2
  espressif/esp_lcd_touch_gt911:
    component_hash: f90c3f82f052d1ccdfd71895a062f396ccc1c90ec69d8a99c483180387230bac
    dependencies:
    - name: espressif/esp_lcd_touch
      registry_url: https://components.espressif.com/
      require: public
      version: ^1.1.0
    - name: idf
      require: private
      version: '>=4.4.2'
    source:
      registry_url: https://components.espressif.com/
      type: service
    version: 1.1.1~1
  espressif/esp_lvgl_port:
    component_hash: 8bcec6b1144750343ce7e411a7a1057a75a6348d3edc137bd5792ccba7f6c270
    dependencies:
    - name: idf
      require: private
      version: '>=4.4'
    - name: lvgl/lvgl
      registry_url: https://components.espressif.com/
      require: public
      version: '>=8,<10'
    source:
      registry_url: https://components.espressif.com/
      type: service
    version: 2.3.2
  idf:
    source:
      type: idf
    version: 5.3.1
  lvgl/lvgl:
    component_hash: 2409fdc84e9766d2a18afd84b051aef3f838348136cdb1c10ac2e8bcdb012bf6
    dependencies: []
    source:
      registry_url: https://components.espressif.com/
      type: service
    version: 9.2.0
direct_dependencies:
- espressif/esp_lcd_touch_gt911
- espressif/esp_lvgl_port
- idf
- lvgl/lvgl
manifest_hash: 28008b584f6aa2c996a578f7d512a635c2d0723e42b868fe1cf94cfd61821bdd
target: esp32s3
version: 2.0.0
